{
    "_meta": {
        "hash": {
            "sha256": "d781eb2d1d97447426c6d50ec4e0cbc2470d9f4e08fdd5c247e4e5a783f662ce"
        },
        "pipfile-spec": 6,
        "requires": {
            "python_version": "3.6"
        },
        "sources": [
            {
                "name": "pypi",
                "url": "https://pypi.org/simple",
                "verify_ssl": true
            }
        ]
    },
    "default": {
        "numpy": {
            "hashes": [
                "sha256:082f8d4dd69b6b688f64f509b91d482362124986d98dc7dc5f5e9f9b9c3bb983",
                "sha256:1bc0145999e8cb8aed9d4e65dd8b139adf1919e521177f198529687dbf613065",
                "sha256:309cbcfaa103fc9a33ec16d2d62569d541b79f828c382556ff072442226d1968",
                "sha256:3673c8b2b29077f1b7b3a848794f8e11f401ba0b71c49fbd26fb40b71788b132",
                "sha256:480fdd4dbda4dd6b638d3863da3be82873bba6d32d1fc12ea1b8486ac7b8d129",
                "sha256:56ef7f56470c24bb67fb43dae442e946a6ce172f97c69f8d067ff8550cf782ff",
                "sha256:5a936fd51049541d86ccdeef2833cc89a18e4d3808fe58a8abeb802665c5af93",
                "sha256:5b6885c12784a27e957294b60f97e8b5b4174c7504665333c5e94fbf41ae5d6a",
                "sha256:667c07063940e934287993366ad5f56766bc009017b4a0fe91dbd07960d0aba7",
                "sha256:7ed448ff4eaffeb01094959b19cbaf998ecdee9ef9932381420d514e446601cd",
                "sha256:8343bf67c72e09cfabfab55ad4a43ce3f6bf6e6ced7acf70f45ded9ebb425055",
                "sha256:92feb989b47f83ebef246adabc7ff3b9a59ac30601c3f6819f8913458610bdcc",
                "sha256:935c27ae2760c21cd7354402546f6be21d3d0c806fffe967f745d5f2de5005a7",
                "sha256:aaf42a04b472d12515debc621c31cf16c215e332242e7a9f56403d814c744624",
                "sha256:b12e639378c741add21fbffd16ba5ad25c0a1a17cf2b6fe4288feeb65144f35b",
                "sha256:b1cca51512299841bf69add3b75361779962f9cee7d9ee3bb446d5982e925b69",
                "sha256:b8456987b637232602ceb4d663cb34106f7eb780e247d51a260b84760fd8f491",
                "sha256:b9792b0ac0130b277536ab8944e7b754c69560dac0415dd4b2dbd16b902c8954",
                "sha256:c9591886fc9cbe5532d5df85cb8e0cc3b44ba8ce4367bd4cf1b93dc19713da72",
                "sha256:cf1347450c0b7644ea142712619533553f02ef23f92f781312f6a3553d031fc7",
                "sha256:de8b4a9b56255797cbddb93281ed92acbc510fb7b15df3f01bd28f46ebc4edae",
                "sha256:e1b1dc0372f530f26a03578ac75d5e51b3868b9b76cd2facba4c9ee0eb252ab1",
                "sha256:e45f8e981a0ab47103181773cc0a54e650b2aef8c7b6cd07405d0fa8d869444a",
                "sha256:e4f6d3c53911a9d103d8ec9518190e52a8b945bab021745af4939cfc7c0d4a9e",
                "sha256:ed8a311493cf5480a2ebc597d1e177231984c818a86875126cfd004241a73c3e",
                "sha256:ef71a1d4fd4858596ae80ad1ec76404ad29701f8ca7cdcebc50300178db14dfc"
            ],
            "markers": "python_version >= '3.6'",
            "version": "==1.19.1"
        },
        "opencv-python": {
            "hashes": [
                "sha256:171623dbdb93d7c634b7f851ad5e9cde8ddc6a7afc63e031d206e9216da80373",
                "sha256:2bdcecd5fa105d197a5ad7b4e2c724489190853c041654895ee871b8fb1302b4",
                "sha256:4dbe7b0f1c8580a0947bc7dd3c8d740ea84e1a0ae1c4e0501c0080ca20388ba8",
                "sha256:529dd2c2c09ef1cba6131e7f21ec770bcf98e76ccec5f1959fe0e2c5aebcbff1",
                "sha256:55c1ff2c0506336b4d0e293a6fb7d644339c8fb8affe39d4cdec8003db72929c",
                "sha256:60ff8473d3d4946739e473d1bbe12ae4640740b4a43fe1b1fa02b57c1278632f",
                "sha256:69487fe07a43eecc9131ee158e4cea265c7193cf10838c1e0981a97fa212b619",
                "sha256:7f950724c6c3d36a90708b885939d5155000e6f00ac5e67e90792d5a30d79ed0",
                "sha256:8c0d9326628d1337ff2e86c582f9bd481e68beaff91ee68932d260b3d2587046",
                "sha256:8dedd57367ca9ea65eb0b518fee64fe684825871e299ff4709f010df136bbefb",
                "sha256:a2edb67e38773f714f6226dce0ccbb336dc80fd51960f09658d4bd8cf5b46466",
                "sha256:af1b00ca8c9008ea7ed2601a09057fa150d1744911aa90fb12ddeda3cfa4b800",
                "sha256:b213f93fabf0f9fa3cf289aabc9d0973a0c91e802d302d00d35b568f15b87ff0",
                "sha256:bae23f756d9aab465c77cdcc89c73bfee41c5ce51cb76c0a6964b5a54cf3f025",
                "sha256:bc4bbef60acff713dedd4d4b89f4edf3db3395822a8574f51aee4361dea3142b",
                "sha256:c4800329e4e3ea5180bde2e1ed3f76cb27cc7061fbe05c3f5c8c920780894f4f",
                "sha256:c8c18ad7cc2b1e5dec4e93a4201c0d6b15135944a5be35295b31b3a0e2ca28b7",
                "sha256:db5dcb701530e9f5167f3e3ded76cb71ad01f2f586d1f912852ca2f3b1f83020",
                "sha256:e51336f3e5e668856a652c56e412431acdd58de12aa887ca6fae740b53c7ade3",
                "sha256:e5f73a7e74a3e4f92f547e9168ac9e91991275c26f3455deb053faa1cfed001e",
                "sha256:f4c6eac5b1b520275e8a7a1e4a398b1fc6e4bb0af961daac501e0fd6545eedd2"
            ],
            "index": "pypi",
            "version": "==4.3.0.38"
        },
        "scipy": {
            "hashes": [
                "sha256:066c513d90eb3fd7567a9e150828d39111ebd88d3e924cdfc9f8ce19ab6f90c9",
                "sha256:07e52b316b40a4f001667d1ad4eb5f2318738de34597bd91537851365b6c61f1",
                "sha256:0a0e9a4e58a4734c2eba917f834b25b7e3b6dc333901ce7784fd31aefbd37b2f",
                "sha256:1c7564a4810c1cd77fcdee7fa726d7d39d4e2695ad252d7c86c3ea9d85b7fb8f",
                "sha256:315aa2165aca31375f4e26c230188db192ed901761390be908c9b21d8b07df62",
                "sha256:6e86c873fe1335d88b7a4bfa09d021f27a9e753758fd75f3f92d714aa4093768",
                "sha256:8e28e74b97fc8d6aa0454989db3b5d36fc27e69cef39a7ee5eaf8174ca1123cb",
                "sha256:92eb04041d371fea828858e4fff182453c25ae3eaa8782d9b6c32b25857d23bc",
                "sha256:a0afbb967fd2c98efad5f4c24439a640d39463282040a88e8e928db647d8ac3d",
                "sha256:a785409c0fa51764766840185a34f96a0a93527a0ff0230484d33a8ed085c8f8",
                "sha256:cca9fce15109a36a0a9f9cfc64f870f1c140cb235ddf27fe0328e6afb44dfed0",
                "sha256:d56b10d8ed72ec1be76bf10508446df60954f08a41c2d40778bc29a3a9ad9bce",
                "sha256:dac09281a0eacd59974e24525a3bc90fa39b4e95177e638a31b14db60d3fa806",
                "sha256:ec5fe57e46828d034775b00cd625c4a7b5c7d2e354c3b258d820c6c72212a6ec",
                "sha256:eecf40fa87eeda53e8e11d265ff2254729d04000cd40bae648e76ff268885d66",
                "sha256:fc98f3eac993b9bfdd392e675dfe19850cc8c7246a8fd2b42443e506344be7d9"
            ],
            "index": "pypi",
            "version": "==1.5.2"
        },
        "tqdm": {
            "hashes": [
                "sha256:1a336d2b829be50e46b84668691e0a2719f26c97c62846298dd5ae2937e4d5cf",
                "sha256:564d632ea2b9cb52979f7956e093e831c28d441c11751682f84c86fc46e4fd21"
            ],
            "index": "pypi",
            "version": "==4.48.2"
        }
    },
    "develop": {
        "yapf": {
            "hashes": [
                "sha256:3000abee4c28daebad55da6c85f3cd07b8062ce48e2e9943c8da1b9667d48427",
                "sha256:3abf61ba67cf603069710d30acbc88cfe565d907e16ad81429ae90ce9651e0c9"
            ],
            "index": "pypi",
            "version": "==0.30.0"
        }
    }
}
